
Microsoft Visual Studio Solution File, Format Version 12.00
Project("{FAE04EC0-301F-11D3-BF4B-00C04F79EFBC}") = "MenuLib", "MenuLib\MenuLib.csproj", "{78B32EC7-C717-417F-AFE6-55669A7AF7F7}"
EndProject
Project("{FAE04EC0-301F-11D3-BF4B-00C04F79EFBC}") = "TestProject", "TestProject\TestProject.csproj", "{6D058B0A-21A5-44DF-8127-BEA9AB617757}"
EndProject
Global
	GlobalSection(SolutionConfigurationPlatforms) = preSolution
		Debug|Any CPU = Debug|Any CPU
		Release|Any CPU = Release|Any CPU
	EndGlobalSection
	GlobalSection(ProjectConfigurationPlatforms) = postSolution
		{78B32EC7-C717-417F-AFE6-55669A7AF7F7}.Debug|Any CPU.ActiveCfg = Debug|Any CPU
		{78B32EC7-C717-417F-AFE6-55669A7AF7F7}.Debug|Any CPU.Build.0 = Debug|Any CPU
		{78B32EC7-C717-417F-AFE6-55669A7AF7F7}.Release|Any CPU.ActiveCfg = Release|Any CPU
		{78B32EC7-C717-417F-AFE6-55669A7AF7F7}.Release|Any CPU.Build.0 = Release|Any CPU
		{6D058B0A-21A5-44DF-8127-BEA9AB617757}.Debug|Any CPU.ActiveCfg = Debug|Any CPU
		{6D058B0A-21A5-44DF-8127-BEA9AB617757}.Debug|Any CPU.Build.0 = Debug|Any CPU
		{6D058B0A-21A5-44DF-8127-BEA9AB617757}.Release|Any CPU.ActiveCfg = Release|Any CPU
		{6D058B0A-21A5-44DF-8127-BEA9AB617757}.Release|Any CPU.Build.0 = Release|Any CPU
	EndGlobalSection
EndGlobal
